<?xml version="1.0" encoding="utf-8"?>
<Project ToolsVersion="17.0" xmlns="http://schemas.microsoft.com/developer/msbuild/2003">
  <ItemGroup>
    <ClCompile Include="C:\Users\mikae\OneDrive\Documents\MicrovoltsEmulator-master (1)\MicrovoltsEmulator-master\ExternalLibraries\SQLiteCpp\sqlite3\sqlite3.c">
      <Filter>Source Files</Filter>
    </ClCompile>
  </ItemGroup>
  <ItemGroup>
    <ClInclude Include="C:\Users\mikae\OneDrive\Documents\MicrovoltsEmulator-master (1)\MicrovoltsEmulator-master\ExternalLibraries\SQLiteCpp\sqlite3\sqlite3.h">
      <Filter>Header Files</Filter>
    </ClInclude>
  </ItemGroup>
  <ItemGroup>
    <CustomBuild Include="C:\Users\mikae\OneDrive\Documents\MicrovoltsEmulator-master (1)\MicrovoltsEmulator-master\ExternalLibraries\SQLiteCpp\sqlite3\CMakeLists.txt" />
  </ItemGroup>
  <ItemGroup>
    <Filter Include="Header Files">
      <UniqueIdentifier>{F4DCDD3D-3EC6-3348-BF39-16A823AE5205}</UniqueIdentifier>
    </Filter>
    <Filter Include="Source Files">
      <UniqueIdentifier>{95C6720A-172B-3F0B-AED4-18EF0F45D43B}</UniqueIdentifier>
    </Filter>
  </ItemGroup>
</Project>
