<?xml version="1.0" encoding="utf-8"?>
<Project ToolsVersion="17.0" xmlns="http://schemas.microsoft.com/developer/msbuild/2003">
  <ItemGroup>
    <ClCompile Include="C:\Users\mikae\OneDrive\Documents\MicrovoltsEmulator-master (1)\MicrovoltsEmulator-master\CastServer\src\CastServer.cpp">
      <Filter>Source Files</Filter>
    </ClCompile>
    <ClCompile Include="C:\Users\mikae\OneDrive\Documents\MicrovoltsEmulator-master (1)\MicrovoltsEmulator-master\CastServer\src\CastServerMain.cpp">
      <Filter>Source Files</Filter>
    </ClCompile>
    <ClCompile Include="C:\Users\mikae\OneDrive\Documents\MicrovoltsEmulator-master (1)\MicrovoltsEmulator-master\CastServer\src\Classes\Room.cpp">
      <Filter>Source Files</Filter>
    </ClCompile>
    <ClCompile Include="C:\Users\mikae\OneDrive\Documents\MicrovoltsEmulator-master (1)\MicrovoltsEmulator-master\CastServer\src\Classes\RoomsManager.cpp">
      <Filter>Source Files</Filter>
    </ClCompile>
    <ClCompile Include="C:\Users\mikae\OneDrive\Documents\MicrovoltsEmulator-master (1)\MicrovoltsEmulator-master\CastServer\src\Network\CastSession.cpp">
      <Filter>Source Files</Filter>
    </ClCompile>
    <ClCompile Include="C:\Users\mikae\OneDrive\Documents\MicrovoltsEmulator-master (1)\MicrovoltsEmulator-master\CastServer\src\Network\SessionsManager.cpp">
      <Filter>Source Files</Filter>
    </ClCompile>
  </ItemGroup>
  <ItemGroup>
    <CustomBuild Include="C:\Users\mikae\OneDrive\Documents\MicrovoltsEmulator-master (1)\MicrovoltsEmulator-master\CastServer\CMakeLists.txt" />
  </ItemGroup>
  <ItemGroup>
    <Filter Include="Source Files">
      <UniqueIdentifier>{95C6720A-172B-3F0B-AED4-18EF0F45D43B}</UniqueIdentifier>
    </Filter>
  </ItemGroup>
</Project>
