
Microsoft Visual Studio Solution File, Format Version 12.00
# Visual Studio Version 17
Project("{2150E333-8FDC-42A3-9474-1A3956D46DE8}") = "CMakePredefinedTargets", "CMakePredefinedTargets", "{0C094338-DE75-3A1B-AE9A-86CA64D188B9}"
EndProject
Project("{8BC9CEB8-8B4A-11D0-8D11-00A0C91BC942}") = "ALL_BUILD", "ALL_BUILD.vcxproj", "{7BD0391D-9085-308D-BDA2-7C6BE636478F}"
	ProjectSection(ProjectDependencies) = postProject
		{78888043-D821-3CBA-91BF-545490B43496} = {78888043-D821-3CBA-91BF-545490B43496}
		{DBDADD24-CFB3-3024-9BEE-A270F9027617} = {DBDADD24-CFB3-3024-9BEE-A270F9027617}
		{D02DB4D2-5816-3CBB-8F64-CC594A4CE18C} = {D02DB4D2-5816-3CBB-8F64-CC594A4CE18C}
	EndProjectSection
EndProject
Project("{8BC9CEB8-8B4A-11D0-8D11-00A0C91BC942}") = "INSTALL", "INSTALL.vcxproj", "{AAC5D967-9079-3FEB-BE8B-907F6E73595D}"
	ProjectSection(ProjectDependencies) = postProject
		{7BD0391D-9085-308D-BDA2-7C6BE636478F} = {7BD0391D-9085-308D-BDA2-7C6BE636478F}
		{DBDADD24-CFB3-3024-9BEE-A270F9027617} = {DBDADD24-CFB3-3024-9BEE-A270F9027617}
	EndProjectSection
EndProject
Project("{8BC9CEB8-8B4A-11D0-8D11-00A0C91BC942}") = "SQLiteCpp", "SQLiteCpp.vcxproj", "{78888043-D821-3CBA-91BF-545490B43496}"
	ProjectSection(ProjectDependencies) = postProject
		{DBDADD24-CFB3-3024-9BEE-A270F9027617} = {DBDADD24-CFB3-3024-9BEE-A270F9027617}
		{D02DB4D2-5816-3CBB-8F64-CC594A4CE18C} = {D02DB4D2-5816-3CBB-8F64-CC594A4CE18C}
	EndProjectSection
EndProject
Project("{8BC9CEB8-8B4A-11D0-8D11-00A0C91BC942}") = "ZERO_CHECK", "..\..\\ZERO_CHECK.vcxproj", "{DBDADD24-CFB3-3024-9BEE-A270F9027617}"
	ProjectSection(ProjectDependencies) = postProject
	EndProjectSection
EndProject
Project("{8BC9CEB8-8B4A-11D0-8D11-00A0C91BC942}") = "sqlite3", "sqlite3\sqlite3.vcxproj", "{D02DB4D2-5816-3CBB-8F64-CC594A4CE18C}"
	ProjectSection(ProjectDependencies) = postProject
		{DBDADD24-CFB3-3024-9BEE-A270F9027617} = {DBDADD24-CFB3-3024-9BEE-A270F9027617}
	EndProjectSection
EndProject
Global
	GlobalSection(SolutionConfigurationPlatforms) = preSolution
		Debug|x64 = Debug|x64
		Release|x64 = Release|x64
		MinSizeRel|x64 = MinSizeRel|x64
		RelWithDebInfo|x64 = RelWithDebInfo|x64
	EndGlobalSection
	GlobalSection(ProjectConfigurationPlatforms) = postSolution
		{7BD0391D-9085-308D-BDA2-7C6BE636478F}.Debug|x64.ActiveCfg = Debug|x64
		{7BD0391D-9085-308D-BDA2-7C6BE636478F}.Debug|x64.Build.0 = Debug|x64
		{7BD0391D-9085-308D-BDA2-7C6BE636478F}.Release|x64.ActiveCfg = Release|x64
		{7BD0391D-9085-308D-BDA2-7C6BE636478F}.Release|x64.Build.0 = Release|x64
		{7BD0391D-9085-308D-BDA2-7C6BE636478F}.MinSizeRel|x64.ActiveCfg = MinSizeRel|x64
		{7BD0391D-9085-308D-BDA2-7C6BE636478F}.MinSizeRel|x64.Build.0 = MinSizeRel|x64
		{7BD0391D-9085-308D-BDA2-7C6BE636478F}.RelWithDebInfo|x64.ActiveCfg = RelWithDebInfo|x64
		{7BD0391D-9085-308D-BDA2-7C6BE636478F}.RelWithDebInfo|x64.Build.0 = RelWithDebInfo|x64
		{AAC5D967-9079-3FEB-BE8B-907F6E73595D}.Debug|x64.ActiveCfg = Debug|x64
		{AAC5D967-9079-3FEB-BE8B-907F6E73595D}.Release|x64.ActiveCfg = Release|x64
		{AAC5D967-9079-3FEB-BE8B-907F6E73595D}.MinSizeRel|x64.ActiveCfg = MinSizeRel|x64
		{AAC5D967-9079-3FEB-BE8B-907F6E73595D}.RelWithDebInfo|x64.ActiveCfg = RelWithDebInfo|x64
		{78888043-D821-3CBA-91BF-545490B43496}.Debug|x64.ActiveCfg = Debug|x64
		{78888043-D821-3CBA-91BF-545490B43496}.Debug|x64.Build.0 = Debug|x64
		{78888043-D821-3CBA-91BF-545490B43496}.Release|x64.ActiveCfg = Release|x64
		{78888043-D821-3CBA-91BF-545490B43496}.Release|x64.Build.0 = Release|x64
		{78888043-D821-3CBA-91BF-545490B43496}.MinSizeRel|x64.ActiveCfg = MinSizeRel|x64
		{78888043-D821-3CBA-91BF-545490B43496}.MinSizeRel|x64.Build.0 = MinSizeRel|x64
		{78888043-D821-3CBA-91BF-545490B43496}.RelWithDebInfo|x64.ActiveCfg = RelWithDebInfo|x64
		{78888043-D821-3CBA-91BF-545490B43496}.RelWithDebInfo|x64.Build.0 = RelWithDebInfo|x64
		{DBDADD24-CFB3-3024-9BEE-A270F9027617}.Debug|x64.ActiveCfg = Debug|x64
		{DBDADD24-CFB3-3024-9BEE-A270F9027617}.Debug|x64.Build.0 = Debug|x64
		{DBDADD24-CFB3-3024-9BEE-A270F9027617}.Release|x64.ActiveCfg = Release|x64
		{DBDADD24-CFB3-3024-9BEE-A270F9027617}.Release|x64.Build.0 = Release|x64
		{DBDADD24-CFB3-3024-9BEE-A270F9027617}.MinSizeRel|x64.ActiveCfg = MinSizeRel|x64
		{DBDADD24-CFB3-3024-9BEE-A270F9027617}.MinSizeRel|x64.Build.0 = MinSizeRel|x64
		{DBDADD24-CFB3-3024-9BEE-A270F9027617}.RelWithDebInfo|x64.ActiveCfg = RelWithDebInfo|x64
		{DBDADD24-CFB3-3024-9BEE-A270F9027617}.RelWithDebInfo|x64.Build.0 = RelWithDebInfo|x64
		{D02DB4D2-5816-3CBB-8F64-CC594A4CE18C}.Debug|x64.ActiveCfg = Debug|x64
		{D02DB4D2-5816-3CBB-8F64-CC594A4CE18C}.Debug|x64.Build.0 = Debug|x64
		{D02DB4D2-5816-3CBB-8F64-CC594A4CE18C}.Release|x64.ActiveCfg = Release|x64
		{D02DB4D2-5816-3CBB-8F64-CC594A4CE18C}.Release|x64.Build.0 = Release|x64
		{D02DB4D2-5816-3CBB-8F64-CC594A4CE18C}.MinSizeRel|x64.ActiveCfg = MinSizeRel|x64
		{D02DB4D2-5816-3CBB-8F64-CC594A4CE18C}.MinSizeRel|x64.Build.0 = MinSizeRel|x64
		{D02DB4D2-5816-3CBB-8F64-CC594A4CE18C}.RelWithDebInfo|x64.ActiveCfg = RelWithDebInfo|x64
		{D02DB4D2-5816-3CBB-8F64-CC594A4CE18C}.RelWithDebInfo|x64.Build.0 = RelWithDebInfo|x64
	EndGlobalSection
	GlobalSection(NestedProjects) = preSolution
		{7BD0391D-9085-308D-BDA2-7C6BE636478F} = {0C094338-DE75-3A1B-AE9A-86CA64D188B9}
		{AAC5D967-9079-3FEB-BE8B-907F6E73595D} = {0C094338-DE75-3A1B-AE9A-86CA64D188B9}
		{DBDADD24-CFB3-3024-9BEE-A270F9027617} = {0C094338-DE75-3A1B-AE9A-86CA64D188B9}
	EndGlobalSection
	GlobalSection(ExtensibilityGlobals) = postSolution
		SolutionGuid = {3E034F88-A320-3CD6-893A-772BFB103F9C}
	EndGlobalSection
	GlobalSection(ExtensibilityAddIns) = postSolution
	EndGlobalSection
EndGlobal
